{
  "originHash" : "6c536e6f5979724dee9bfd9afdd96b6e0470d52cabf43fe142ea37bdaa37fc61",
  "pins" : [
    {
      "identity" : "ansiterminalmodified",
      "kind" : "remoteSourceControl",
      "location" : "https://github.com/nikolainobadi/ANSITerminalModified",
      "state" : {
        "revision" : "fd1443a5369693ddac5c8ef8dc6128af4011ff42",
        "version" : "0.6.0"
      }
    },
    {
      "identity" : "files",
      "kind" : "remoteSourceControl",
      "location" : "https://github.com/JohnSundell/Files",
      "state" : {
        "revision" : "d273b5b7025d386feef79ef6bad7de762e106eaf",
        "version" : "4.2.0"
      }
    },
    {
      "identity" : "swift-argument-parser",
      "kind" : "remoteSourceControl",
      "location" : "https://github.com/apple/swift-argument-parser.git",
      "state" : {
        "revision" : "41982a3656a71c768319979febd796c6fd111d5c",
        "version" : "1.5.0"
      }
    },
    {
      "identity" : "swiftpicker",
      "kind" : "remoteSourceControl",
      "location" : "https://github.com/nikolainobadi/SwiftPicker.git",
      "state" : {
        "revision" : "4071f15d77b87c32a33b7ae7ac5dc789a59169c3",
        "version" : "1.0.0"
      }
    }
  ],
  "version" : 3
}
